
Microsoft Visual Studio Solution File, Format Version 12.00
# Visual Studio 2012
Project("{FAE04EC0-301F-11D3-BF4B-00C04F79EFBC}") = "ImportExcel", "ImportExcel\ImportExcel.csproj", "{1016B8BA-518B-4E44-BB4F-711B3599BDFD}"
EndProject
Global
	GlobalSection(SolutionConfigurationPlatforms) = preSolution
		Debug|Any CPU = Debug|Any CPU
		Release|Any CPU = Release|Any CPU
	EndGlobalSection
	GlobalSection(ProjectConfigurationPlatforms) = postSolution
		{1016B8BA-518B-4E44-BB4F-711B3599BDFD}.Debug|Any CPU.ActiveCfg = Debug|Any CPU
		{1016B8BA-518B-4E44-BB4F-711B3599BDFD}.Debug|Any CPU.Build.0 = Debug|Any CPU
		{1016B8BA-518B-4E44-BB4F-711B3599BDFD}.Release|Any CPU.ActiveCfg = Release|Any CPU
		{1016B8BA-518B-4E44-BB4F-711B3599BDFD}.Release|Any CPU.Build.0 = Release|Any CPU
	EndGlobalSection
	GlobalSection(SolutionProperties) = preSolution
		HideSolutionNode = FALSE
	EndGlobalSection
EndGlobal
